
Microsoft Visual Studio Solution File, Format Version 12.00
# Visual Studio 15
Project("{FAE04EC0-301F-11D3-BF4B-00C04F79EFBC}") = "Git", "Git\Git.csproj", "{7D9D8552-4F48-43B8-A81F-7F189911E798}"
EndProject
Global
	GlobalSection(SolutionConfigurationPlatforms) = preSolution
		Debug|Any CPU = Debug|Any CPU
		Release|Any CPU = Release|Any CPU
	EndGlobalSection
	GlobalSection(ProjectConfigurationPlatforms) = postSolution
		{7D9D8552-4F48-43B8-A81F-7F189911E798}.Debug|Any CPU.ActiveCfg = Debug|Any CPU
		{7D9D8552-4F48-43B8-A81F-7F189911E798}.Debug|Any CPU.Build.0 = Debug|Any CPU
		{7D9D8552-4F48-43B8-A81F-7F189911E798}.Release|Any CPU.ActiveCfg = Release|Any CPU
		{7D9D8552-4F48-43B8-A81F-7F189911E798}.Release|Any CPU.Build.0 = Release|Any CPU
	EndGlobalSection
EndGlobal
